
Microsoft Visual Studio Solution File, Format Version 12.00
# Visual Studio Version 17
VisualStudioVersion = 17.11.35431.28
MinimumVisualStudioVersion = 10.0.40219.1
Project("{FAE04EC0-301F-11D3-BF4B-00C04F79EFBC}") = "API", "API\API.csproj", "{77E02C56-AB41-4089-B303-F00FD6AF46BE}"
EndProject
Global
	GlobalSection(SolutionConfigurationPlatforms) = preSolution
		Debug|Any CPU = Debug|Any CPU
		Release|Any CPU = Release|Any CPU
	EndGlobalSection
	GlobalSection(ProjectConfigurationPlatforms) = postSolution
		{77E02C56-AB41-4089-B303-F00FD6AF46BE}.Debug|Any CPU.ActiveCfg = Debug|Any CPU
		{77E02C56-AB41-4089-B303-F00FD6AF46BE}.Debug|Any CPU.Build.0 = Debug|Any CPU
		{77E02C56-AB41-4089-B303-F00FD6AF46BE}.Release|Any CPU.ActiveCfg = Release|Any CPU
		{77E02C56-AB41-4089-B303-F00FD6AF46BE}.Release|Any CPU.Build.0 = Release|Any CPU
	EndGlobalSection
	GlobalSection(SolutionProperties) = preSolution
		HideSolutionNode = FALSE
	EndGlobalSection
	GlobalSection(ExtensibilityGlobals) = postSolution
		SolutionGuid = {45B3DDB2-31F6-4E02-B817-F5FB379E57B6}
	EndGlobalSection
EndGlobal
